// !$*UTF8*$!
{
	archiveVersion = 1;
	classes = {
	};
	objectVersion = 55;
	objects = {

/* Begin PBXBuildFile section */
		C50198B62746470A002AF252 /* classPrivateMembers.cpp in Sources */ = {isa = PBXBuildFile; fileRef = C50198B52746470A002AF252 /* classPrivateMembers.cpp */; };
		C50198B827473D32002AF252 /* classCaseCube.cpp in Sources */ = {isa = PBXBuildFile; fileRef = C50198B727473D32002AF252 /* classCaseCube.cpp */; };
		C50198BA27476084002AF252 /* classConstructorsAndDestructors.cpp in Sources */ = {isa = PBXBuildFile; fileRef = C50198B927476084002AF252 /* classConstructorsAndDestructors.cpp */; };
		C50198BC27479830002AF252 /* classClassificationOfConstructors.cpp in Sources */ = {isa = PBXBuildFile; fileRef = C50198BB27479830002AF252 /* classClassificationOfConstructors.cpp */; };
		C50198BE2747A296002AF252 /* classTimeToCallCopyConstructors.cpp in Sources */ = {isa = PBXBuildFile; fileRef = C50198BD2747A296002AF252 /* classTimeToCallCopyConstructors.cpp */; };
		C50198C02747BB2B002AF252 /* classConstructorRules.cpp in Sources */ = {isa = PBXBuildFile; fileRef = C50198BF2747BB2B002AF252 /* classConstructorRules.cpp */; };
		C50198C22747BE48002AF252 /* classDeepCopyAndShallowCopy.cpp in Sources */ = {isa = PBXBuildFile; fileRef = C50198C12747BE48002AF252 /* classDeepCopyAndShallowCopy.cpp */; };
		C50198C42747C5C5002AF252 /* classInitList.cpp in Sources */ = {isa = PBXBuildFile; fileRef = C50198C32747C5C5002AF252 /* classInitList.cpp */; };
		C557A5B12744B92200DE2F73 /* main.cpp in Sources */ = {isa = PBXBuildFile; fileRef = C557A5B02744B92200DE2F73 /* main.cpp */; };
		C557A5B82744B95300DE2F73 /* globalArea.cpp in Sources */ = {isa = PBXBuildFile; fileRef = C557A5B72744B95300DE2F73 /* globalArea.cpp */; };
		C557A5BA2744EE4000DE2F73 /* stackArea.cpp in Sources */ = {isa = PBXBuildFile; fileRef = C557A5B92744EE4000DE2F73 /* stackArea.cpp */; };
		C557A5BC2744F44A00DE2F73 /* heapArea.cpp in Sources */ = {isa = PBXBuildFile; fileRef = C557A5BB2744F44A00DE2F73 /* heapArea.cpp */; };
		C557A5BE2744F7D200DE2F73 /* operatorNew.cpp in Sources */ = {isa = PBXBuildFile; fileRef = C557A5BD2744F7D200DE2F73 /* operatorNew.cpp */; };
		C557A5C02744FC7F00DE2F73 /* referencesBasicSyntax.cpp in Sources */ = {isa = PBXBuildFile; fileRef = C557A5BF2744FC7F00DE2F73 /* referencesBasicSyntax.cpp */; };
		C557A5C2274502BC00DE2F73 /* referenceAsParam.cpp in Sources */ = {isa = PBXBuildFile; fileRef = C557A5C1274502BC00DE2F73 /* referenceAsParam.cpp */; };
		C557A5C4274503EA00DE2F73 /* referenceAsReturnValue.cpp in Sources */ = {isa = PBXBuildFile; fileRef = C557A5C3274503EA00DE2F73 /* referenceAsReturnValue.cpp */; };
		C557A5C62745137B00DE2F73 /* referencecConstant.cpp in Sources */ = {isa = PBXBuildFile; fileRef = C557A5C52745137B00DE2F73 /* referencecConstant.cpp */; };
		C557A5C82745250500DE2F73 /* functionDefaultParam.cpp in Sources */ = {isa = PBXBuildFile; fileRef = C557A5C72745250500DE2F73 /* functionDefaultParam.cpp */; };
		C557A5CA2745E6D700DE2F73 /* functionReload.cpp in Sources */ = {isa = PBXBuildFile; fileRef = C557A5C92745E6D600DE2F73 /* functionReload.cpp */; };
		C557A5CC2745F23900DE2F73 /* classAndObject.cpp in Sources */ = {isa = PBXBuildFile; fileRef = C557A5CB2745F23900DE2F73 /* classAndObject.cpp */; };
		C557A5CE2746351500DE2F73 /* classStudent.cpp in Sources */ = {isa = PBXBuildFile; fileRef = C557A5CD2746351500DE2F73 /* classStudent.cpp */; };
		C557A5D027463AB300DE2F73 /* classPermission.cpp in Sources */ = {isa = PBXBuildFile; fileRef = C557A5CF27463AB300DE2F73 /* classPermission.cpp */; };
		C557A5D227463D8E00DE2F73 /* classAndStruct.cpp in Sources */ = {isa = PBXBuildFile; fileRef = C557A5D127463D8E00DE2F73 /* classAndStruct.cpp */; };
/* End PBXBuildFile section */

/* Begin PBXCopyFilesBuildPhase section */
		C557A5AB2744B92200DE2F73 /* CopyFiles */ = {
			isa = PBXCopyFilesBuildPhase;
			buildActionMask = 2147483647;
			dstPath = /usr/share/man/man1/;
			dstSubfolderSpec = 0;
			files = (
			);
			runOnlyForDeploymentPostprocessing = 1;
		};
/* End PBXCopyFilesBuildPhase section */

/* Begin PBXFileReference section */
		C50198B52746470A002AF252 /* classPrivateMembers.cpp */ = {isa = PBXFileReference; lastKnownFileType = sourcecode.cpp.cpp; path = classPrivateMembers.cpp; sourceTree = "<group>"; };
		C50198B727473D32002AF252 /* classCaseCube.cpp */ = {isa = PBXFileReference; lastKnownFileType = sourcecode.cpp.cpp; path = classCaseCube.cpp; sourceTree = "<group>"; };
		C50198B927476084002AF252 /* classConstructorsAndDestructors.cpp */ = {isa = PBXFileReference; lastKnownFileType = sourcecode.cpp.cpp; path = classConstructorsAndDestructors.cpp; sourceTree = "<group>"; };
		C50198BB27479830002AF252 /* classClassificationOfConstructors.cpp */ = {isa = PBXFileReference; lastKnownFileType = sourcecode.cpp.cpp; path = classClassificationOfConstructors.cpp; sourceTree = "<group>"; };
		C50198BD2747A296002AF252 /* classTimeToCallCopyConstructors.cpp */ = {isa = PBXFileReference; lastKnownFileType = sourcecode.cpp.cpp; path = classTimeToCallCopyConstructors.cpp; sourceTree = "<group>"; };
		C50198BF2747BB2B002AF252 /* classConstructorRules.cpp */ = {isa = PBXFileReference; lastKnownFileType = sourcecode.cpp.cpp; path = classConstructorRules.cpp; sourceTree = "<group>"; };
		C50198C12747BE48002AF252 /* classDeepCopyAndShallowCopy.cpp */ = {isa = PBXFileReference; lastKnownFileType = sourcecode.cpp.cpp; path = classDeepCopyAndShallowCopy.cpp; sourceTree = "<group>"; };
		C50198C32747C5C5002AF252 /* classInitList.cpp */ = {isa = PBXFileReference; lastKnownFileType = sourcecode.cpp.cpp; path = classInitList.cpp; sourceTree = "<group>"; };
		C557A5AD2744B92200DE2F73 /* CppCore */ = {isa = PBXFileReference; explicitFileType = "compiled.mach-o.executable"; includeInIndex = 0; path = CppCore; sourceTree = BUILT_PRODUCTS_DIR; };
		C557A5B02744B92200DE2F73 /* main.cpp */ = {isa = PBXFileReference; lastKnownFileType = sourcecode.cpp.cpp; path = main.cpp; sourceTree = "<group>"; };
		C557A5B72744B95300DE2F73 /* globalArea.cpp */ = {isa = PBXFileReference; lastKnownFileType = sourcecode.cpp.cpp; path = globalArea.cpp; sourceTree = "<group>"; };
		C557A5B92744EE4000DE2F73 /* stackArea.cpp */ = {isa = PBXFileReference; lastKnownFileType = sourcecode.cpp.cpp; path = stackArea.cpp; sourceTree = "<group>"; };
		C557A5BB2744F44A00DE2F73 /* heapArea.cpp */ = {isa = PBXFileReference; lastKnownFileType = sourcecode.cpp.cpp; path = heapArea.cpp; sourceTree = "<group>"; };
		C557A5BD2744F7D200DE2F73 /* operatorNew.cpp */ = {isa = PBXFileReference; lastKnownFileType = sourcecode.cpp.cpp; path = operatorNew.cpp; sourceTree = "<group>"; };
		C557A5BF2744FC7F00DE2F73 /* referencesBasicSyntax.cpp */ = {isa = PBXFileReference; lastKnownFileType = sourcecode.cpp.cpp; path = referencesBasicSyntax.cpp; sourceTree = "<group>"; };
		C557A5C1274502BC00DE2F73 /* referenceAsParam.cpp */ = {isa = PBXFileReference; lastKnownFileType = sourcecode.cpp.cpp; path = referenceAsParam.cpp; sourceTree = "<group>"; };
		C557A5C3274503EA00DE2F73 /* referenceAsReturnValue.cpp */ = {isa = PBXFileReference; lastKnownFileType = sourcecode.cpp.cpp; path = referenceAsReturnValue.cpp; sourceTree = "<group>"; };
		C557A5C52745137B00DE2F73 /* referencecConstant.cpp */ = {isa = PBXFileReference; lastKnownFileType = sourcecode.cpp.cpp; path = referencecConstant.cpp; sourceTree = "<group>"; };
		C557A5C72745250500DE2F73 /* functionDefaultParam.cpp */ = {isa = PBXFileReference; lastKnownFileType = sourcecode.cpp.cpp; path = functionDefaultParam.cpp; sourceTree = "<group>"; };
		C557A5C92745E6D600DE2F73 /* functionReload.cpp */ = {isa = PBXFileReference; lastKnownFileType = sourcecode.cpp.cpp; path = functionReload.cpp; sourceTree = "<group>"; };
		C557A5CB2745F23900DE2F73 /* classAndObject.cpp */ = {isa = PBXFileReference; lastKnownFileType = sourcecode.cpp.cpp; path = classAndObject.cpp; sourceTree = "<group>"; };
		C557A5CD2746351500DE2F73 /* classStudent.cpp */ = {isa = PBXFileReference; lastKnownFileType = sourcecode.cpp.cpp; path = classStudent.cpp; sourceTree = "<group>"; };
		C557A5CF27463AB300DE2F73 /* classPermission.cpp */ = {isa = PBXFileReference; lastKnownFileType = sourcecode.cpp.cpp; path = classPermission.cpp; sourceTree = "<group>"; };
		C557A5D127463D8E00DE2F73 /* classAndStruct.cpp */ = {isa = PBXFileReference; lastKnownFileType = sourcecode.cpp.cpp; path = classAndStruct.cpp; sourceTree = "<group>"; };
/* End PBXFileReference section */

/* Begin PBXFrameworksBuildPhase section */
		C557A5AA2744B92200DE2F73 /* Frameworks */ = {
			isa = PBXFrameworksBuildPhase;
			buildActionMask = 2147483647;
			files = (
			);
			runOnlyForDeploymentPostprocessing = 0;
		};
/* End PBXFrameworksBuildPhase section */

/* Begin PBXGroup section */
		C557A5A42744B92200DE2F73 = {
			isa = PBXGroup;
			children = (
				C557A5AF2744B92200DE2F73 /* CppCore */,
				C557A5AE2744B92200DE2F73 /* Products */,
			);
			sourceTree = "<group>";
		};
		C557A5AE2744B92200DE2F73 /* Products */ = {
			isa = PBXGroup;
			children = (
				C557A5AD2744B92200DE2F73 /* CppCore */,
			);
			name = Products;
			sourceTree = "<group>";
		};
		C557A5AF2744B92200DE2F73 /* CppCore */ = {
			isa = PBXGroup;
			children = (
				C557A5B02744B92200DE2F73 /* main.cpp */,
				C557A5B72744B95300DE2F73 /* globalArea.cpp */,
				C557A5B92744EE4000DE2F73 /* stackArea.cpp */,
				C557A5BB2744F44A00DE2F73 /* heapArea.cpp */,
				C557A5BD2744F7D200DE2F73 /* operatorNew.cpp */,
				C557A5BF2744FC7F00DE2F73 /* referencesBasicSyntax.cpp */,
				C557A5C1274502BC00DE2F73 /* referenceAsParam.cpp */,
				C557A5C3274503EA00DE2F73 /* referenceAsReturnValue.cpp */,
				C557A5C52745137B00DE2F73 /* referencecConstant.cpp */,
				C557A5C72745250500DE2F73 /* functionDefaultParam.cpp */,
				C557A5C92745E6D600DE2F73 /* functionReload.cpp */,
				C557A5CB2745F23900DE2F73 /* classAndObject.cpp */,
				C557A5CD2746351500DE2F73 /* classStudent.cpp */,
				C557A5CF27463AB300DE2F73 /* classPermission.cpp */,
				C557A5D127463D8E00DE2F73 /* classAndStruct.cpp */,
				C50198B52746470A002AF252 /* classPrivateMembers.cpp */,
				C50198B727473D32002AF252 /* classCaseCube.cpp */,
				C50198B927476084002AF252 /* classConstructorsAndDestructors.cpp */,
				C50198BB27479830002AF252 /* classClassificationOfConstructors.cpp */,
				C50198BD2747A296002AF252 /* classTimeToCallCopyConstructors.cpp */,
				C50198BF2747BB2B002AF252 /* classConstructorRules.cpp */,
				C50198C12747BE48002AF252 /* classDeepCopyAndShallowCopy.cpp */,
				C50198C32747C5C5002AF252 /* classInitList.cpp */,
			);
			path = CppCore;
			sourceTree = "<group>";
		};
/* End PBXGroup section */

/* Begin PBXNativeTarget section */
		C557A5AC2744B92200DE2F73 /* CppCore */ = {
			isa = PBXNativeTarget;
			buildConfigurationList = C557A5B42744B92200DE2F73 /* Build configuration list for PBXNativeTarget "CppCore" */;
			buildPhases = (
				C557A5A92744B92200DE2F73 /* Sources */,
				C557A5AA2744B92200DE2F73 /* Frameworks */,
				C557A5AB2744B92200DE2F73 /* CopyFiles */,
			);
			buildRules = (
			);
			dependencies = (
			);
			name = CppCore;
			productName = CppCore;
			productReference = C557A5AD2744B92200DE2F73 /* CppCore */;
			productType = "com.apple.product-type.tool";
		};
/* End PBXNativeTarget section */

/* Begin PBXProject section */
		C557A5A52744B92200DE2F73 /* Project object */ = {
			isa = PBXProject;
			attributes = {
				BuildIndependentTargetsInParallel = 1;
				LastUpgradeCheck = 1310;
				TargetAttributes = {
					C557A5AC2744B92200DE2F73 = {
						CreatedOnToolsVersion = 13.1;
					};
				};
			};
			buildConfigurationList = C557A5A82744B92200DE2F73 /* Build configuration list for PBXProject "CppCore" */;
			compatibilityVersion = "Xcode 13.0";
			developmentRegion = en;
			hasScannedForEncodings = 0;
			knownRegions = (
				en,
				Base,
			);
			mainGroup = C557A5A42744B92200DE2F73;
			productRefGroup = C557A5AE2744B92200DE2F73 /* Products */;
			projectDirPath = "";
			projectRoot = "";
			targets = (
				C557A5AC2744B92200DE2F73 /* CppCore */,
			);
		};
/* End PBXProject section */

/* Begin PBXSourcesBuildPhase section */
		C557A5A92744B92200DE2F73 /* Sources */ = {
			isa = PBXSourcesBuildPhase;
			buildActionMask = 2147483647;
			files = (
				C50198B827473D32002AF252 /* classCaseCube.cpp in Sources */,
				C557A5BC2744F44A00DE2F73 /* heapArea.cpp in Sources */,
				C50198BA27476084002AF252 /* classConstructorsAndDestructors.cpp in Sources */,
				C557A5B12744B92200DE2F73 /* main.cpp in Sources */,
				C557A5B82744B95300DE2F73 /* globalArea.cpp in Sources */,
				C557A5C4274503EA00DE2F73 /* referenceAsReturnValue.cpp in Sources */,
				C50198B62746470A002AF252 /* classPrivateMembers.cpp in Sources */,
				C557A5C62745137B00DE2F73 /* referencecConstant.cpp in Sources */,
				C557A5C02744FC7F00DE2F73 /* referencesBasicSyntax.cpp in Sources */,
				C557A5BA2744EE4000DE2F73 /* stackArea.cpp in Sources */,
				C557A5CC2745F23900DE2F73 /* classAndObject.cpp in Sources */,
				C50198C42747C5C5002AF252 /* classInitList.cpp in Sources */,
				C557A5BE2744F7D200DE2F73 /* operatorNew.cpp in Sources */,
				C557A5D227463D8E00DE2F73 /* classAndStruct.cpp in Sources */,
				C557A5C2274502BC00DE2F73 /* referenceAsParam.cpp in Sources */,
				C557A5CA2745E6D700DE2F73 /* functionReload.cpp in Sources */,
				C557A5C82745250500DE2F73 /* functionDefaultParam.cpp in Sources */,
				C50198BE2747A296002AF252 /* classTimeToCallCopyConstructors.cpp in Sources */,
				C557A5CE2746351500DE2F73 /* classStudent.cpp in Sources */,
				C50198C02747BB2B002AF252 /* classConstructorRules.cpp in Sources */,
				C557A5D027463AB300DE2F73 /* classPermission.cpp in Sources */,
				C50198BC27479830002AF252 /* classClassificationOfConstructors.cpp in Sources */,
				C50198C22747BE48002AF252 /* classDeepCopyAndShallowCopy.cpp in Sources */,
			);
			runOnlyForDeploymentPostprocessing = 0;
		};
/* End PBXSourcesBuildPhase section */

/* Begin XCBuildConfiguration section */
		C557A5B22744B92200DE2F73 /* Debug */ = {
			isa = XCBuildConfiguration;
			buildSettings = {
				ALWAYS_SEARCH_USER_PATHS = NO;
				CLANG_ANALYZER_NONNULL = YES;
				CLANG_ANALYZER_NUMBER_OBJECT_CONVERSION = YES_AGGRESSIVE;
				CLANG_CXX_LANGUAGE_STANDARD = "gnu++17";
				CLANG_CXX_LIBRARY = "libc++";
				CLANG_ENABLE_MODULES = YES;
				CLANG_ENABLE_OBJC_ARC = YES;
				CLANG_ENABLE_OBJC_WEAK = YES;
				CLANG_WARN_BLOCK_CAPTURE_AUTORELEASING = YES;
				CLANG_WARN_BOOL_CONVERSION = YES;
				CLANG_WARN_COMMA = YES;
				CLANG_WARN_CONSTANT_CONVERSION = YES;
				CLANG_WARN_DEPRECATED_OBJC_IMPLEMENTATIONS = YES;
				CLANG_WARN_DIRECT_OBJC_ISA_USAGE = YES_ERROR;
				CLANG_WARN_DOCUMENTATION_COMMENTS = YES;
				CLANG_WARN_EMPTY_BODY = YES;
				CLANG_WARN_ENUM_CONVERSION = YES;
				CLANG_WARN_INFINITE_RECURSION = YES;
				CLANG_WARN_INT_CONVERSION = YES;
				CLANG_WARN_NON_LITERAL_NULL_CONVERSION = YES;
				CLANG_WARN_OBJC_IMPLICIT_RETAIN_SELF = YES;
				CLANG_WARN_OBJC_LITERAL_CONVERSION = YES;
				CLANG_WARN_OBJC_ROOT_CLASS = YES_ERROR;
				CLANG_WARN_QUOTED_INCLUDE_IN_FRAMEWORK_HEADER = YES;
				CLANG_WARN_RANGE_LOOP_ANALYSIS = YES;
				CLANG_WARN_STRICT_PROTOTYPES = YES;
				CLANG_WARN_SUSPICIOUS_MOVE = YES;
				CLANG_WARN_UNGUARDED_AVAILABILITY = YES_AGGRESSIVE;
				CLANG_WARN_UNREACHABLE_CODE = YES;
				CLANG_WARN__DUPLICATE_METHOD_MATCH = YES;
				COPY_PHASE_STRIP = NO;
				DEBUG_INFORMATION_FORMAT = dwarf;
				ENABLE_STRICT_OBJC_MSGSEND = YES;
				ENABLE_TESTABILITY = YES;
				GCC_C_LANGUAGE_STANDARD = gnu11;
				GCC_DYNAMIC_NO_PIC = NO;
				GCC_NO_COMMON_BLOCKS = YES;
				GCC_OPTIMIZATION_LEVEL = 0;
				GCC_PREPROCESSOR_DEFINITIONS = (
					"DEBUG=1",
					"$(inherited)",
				);
				GCC_WARN_64_TO_32_BIT_CONVERSION = YES;
				GCC_WARN_ABOUT_RETURN_TYPE = YES_ERROR;
				GCC_WARN_UNDECLARED_SELECTOR = YES;
				GCC_WARN_UNINITIALIZED_AUTOS = YES_AGGRESSIVE;
				GCC_WARN_UNUSED_FUNCTION = YES;
				GCC_WARN_UNUSED_VARIABLE = YES;
				MACOSX_DEPLOYMENT_TARGET = 12.0;
				MTL_ENABLE_DEBUG_INFO = INCLUDE_SOURCE;
				MTL_FAST_MATH = YES;
				ONLY_ACTIVE_ARCH = YES;
				SDKROOT = macosx;
			};
			name = Debug;
		};
		C557A5B32744B92200DE2F73 /* Release */ = {
			isa = XCBuildConfiguration;
			buildSettings = {
				ALWAYS_SEARCH_USER_PATHS = NO;
				CLANG_ANALYZER_NONNULL = YES;
				CLANG_ANALYZER_NUMBER_OBJECT_CONVERSION = YES_AGGRESSIVE;
				CLANG_CXX_LANGUAGE_STANDARD = "gnu++17";
				CLANG_CXX_LIBRARY = "libc++";
				CLANG_ENABLE_MODULES = YES;
				CLANG_ENABLE_OBJC_ARC = YES;
				CLANG_ENABLE_OBJC_WEAK = YES;
				CLANG_WARN_BLOCK_CAPTURE_AUTORELEASING = YES;
				CLANG_WARN_BOOL_CONVERSION = YES;
				CLANG_WARN_COMMA = YES;
				CLANG_WARN_CONSTANT_CONVERSION = YES;
				CLANG_WARN_DEPRECATED_OBJC_IMPLEMENTATIONS = YES;
				CLANG_WARN_DIRECT_OBJC_ISA_USAGE = YES_ERROR;
				CLANG_WARN_DOCUMENTATION_COMMENTS = YES;
				CLANG_WARN_EMPTY_BODY = YES;
				CLANG_WARN_ENUM_CONVERSION = YES;
				CLANG_WARN_INFINITE_RECURSION = YES;
				CLANG_WARN_INT_CONVERSION = YES;
				CLANG_WARN_NON_LITERAL_NULL_CONVERSION = YES;
				CLANG_WARN_OBJC_IMPLICIT_RETAIN_SELF = YES;
				CLANG_WARN_OBJC_LITERAL_CONVERSION = YES;
				CLANG_WARN_OBJC_ROOT_CLASS = YES_ERROR;
				CLANG_WARN_QUOTED_INCLUDE_IN_FRAMEWORK_HEADER = YES;
				CLANG_WARN_RANGE_LOOP_ANALYSIS = YES;
				CLANG_WARN_STRICT_PROTOTYPES = YES;
				CLANG_WARN_SUSPICIOUS_MOVE = YES;
				CLANG_WARN_UNGUARDED_AVAILABILITY = YES_AGGRESSIVE;
				CLANG_WARN_UNREACHABLE_CODE = YES;
				CLANG_WARN__DUPLICATE_METHOD_MATCH = YES;
				COPY_PHASE_STRIP = NO;
				DEBUG_INFORMATION_FORMAT = "dwarf-with-dsym";
				ENABLE_NS_ASSERTIONS = NO;
				ENABLE_STRICT_OBJC_MSGSEND = YES;
				GCC_C_LANGUAGE_STANDARD = gnu11;
				GCC_NO_COMMON_BLOCKS = YES;
				GCC_WARN_64_TO_32_BIT_CONVERSION = YES;
				GCC_WARN_ABOUT_RETURN_TYPE = YES_ERROR;
				GCC_WARN_UNDECLARED_SELECTOR = YES;
				GCC_WARN_UNINITIALIZED_AUTOS = YES_AGGRESSIVE;
				GCC_WARN_UNUSED_FUNCTION = YES;
				GCC_WARN_UNUSED_VARIABLE = YES;
				MACOSX_DEPLOYMENT_TARGET = 12.0;
				MTL_ENABLE_DEBUG_INFO = NO;
				MTL_FAST_MATH = YES;
				SDKROOT = macosx;
			};
			name = Release;
		};
		C557A5B52744B92200DE2F73 /* Debug */ = {
			isa = XCBuildConfiguration;
			buildSettings = {
				CODE_SIGN_STYLE = Automatic;
				DEVELOPMENT_TEAM = HJNYDZJP5A;
				ENABLE_HARDENED_RUNTIME = YES;
				PRODUCT_NAME = "$(TARGET_NAME)";
			};
			name = Debug;
		};
		C557A5B62744B92200DE2F73 /* Release */ = {
			isa = XCBuildConfiguration;
			buildSettings = {
				CODE_SIGN_STYLE = Automatic;
				DEVELOPMENT_TEAM = HJNYDZJP5A;
				ENABLE_HARDENED_RUNTIME = YES;
				PRODUCT_NAME = "$(TARGET_NAME)";
			};
			name = Release;
		};
/* End XCBuildConfiguration section */

/* Begin XCConfigurationList section */
		C557A5A82744B92200DE2F73 /* Build configuration list for PBXProject "CppCore" */ = {
			isa = XCConfigurationList;
			buildConfigurations = (
				C557A5B22744B92200DE2F73 /* Debug */,
				C557A5B32744B92200DE2F73 /* Release */,
			);
			defaultConfigurationIsVisible = 0;
			defaultConfigurationName = Release;
		};
		C557A5B42744B92200DE2F73 /* Build configuration list for PBXNativeTarget "CppCore" */ = {
			isa = XCConfigurationList;
			buildConfigurations = (
				C557A5B52744B92200DE2F73 /* Debug */,
				C557A5B62744B92200DE2F73 /* Release */,
			);
			defaultConfigurationIsVisible = 0;
			defaultConfigurationName = Release;
		};
/* End XCConfigurationList section */
	};
	rootObject = C557A5A52744B92200DE2F73 /* Project object */;
}
